# THIS IS AN AUTOGENERATED FILE. DO NOT EDIT THIS FILE DIRECTLY.
# yarn lockfile v1


bootstrap@^3.3.7:
  version "3.3.7"
  resolved "http://registry.npm.taobao.org/bootstrap/download/bootstrap-3.3.7.tgz#5a389394549f23330875a3b150656574f8a9eb71"

datatables.net-bs@^1.10.13:
  version "1.10.13"
  resolved "http://registry.npm.taobao.org/datatables.net-bs/download/datatables.net-bs-1.10.13.tgz#794ab40a21afdf8b40ff762f7ea9a06ead9f8a2c"
  dependencies:
    datatables.net ">=1.10.9"
    jquery ">=1.7"

datatables.net@>=1.10.9:
  version "1.10.13"
  resolved "http://registry.npm.taobao.org/datatables.net/download/datatables.net-1.10.13.tgz#6ac584ba6fc2dff1195e5c66d3e3b051a4b52b96"
  dependencies:
    jquery ">=1.7"

font-awesome@^4.7.0:
  version "4.7.0"
  resolved "http://registry.npm.taobao.org/font-awesome/download/font-awesome-4.7.0.tgz#8fa8cf0411a1a31afd07b06d2902bb9fc815a133"

jquery-pjax@^1.9.6:
  version "1.9.6"
  resolved "http://registry.npm.taobao.org/jquery-pjax/download/jquery-pjax-1.9.6.tgz#d00ac7b09235a6e796f413f578ef0660c4e1f2ff"

jquery@>=1.7, jquery@^3.1.1:
  version "3.1.1"
  resolved "http://registry.npm.taobao.org/jquery/download/jquery-3.1.1.tgz#347c1c21c7e004115e0a4da32cece041fad3c8a3"
